
Microsoft Visual Studio Solution File, Format Version 12.00
# Visual Studio Version 17
VisualStudioVersion = 17.14.36930.0 d17.14
MinimumVisualStudioVersion = 10.0.40219.1
Project("{FAE04EC0-301F-11D3-BF4B-00C04F79EFBC}") = "DoAnLtWeb", "DoAnLtWeb\DoAnLtWeb.csproj", "{1177EBAA-02B8-4F23-A13E-55A33EA2596D}"
EndProject
Global
	GlobalSection(SolutionConfigurationPlatforms) = preSolution
		Debug|Any CPU = Debug|Any CPU
		Release|Any CPU = Release|Any CPU
	EndGlobalSection
	GlobalSection(ProjectConfigurationPlatforms) = postSolution
		{1177EBAA-02B8-4F23-A13E-55A33EA2596D}.Debug|Any CPU.ActiveCfg = Debug|Any CPU
		{1177EBAA-02B8-4F23-A13E-55A33EA2596D}.Debug|Any CPU.Build.0 = Debug|Any CPU
		{1177EBAA-02B8-4F23-A13E-55A33EA2596D}.Release|Any CPU.ActiveCfg = Release|Any CPU
		{1177EBAA-02B8-4F23-A13E-55A33EA2596D}.Release|Any CPU.Build.0 = Release|Any CPU
	EndGlobalSection
	GlobalSection(SolutionProperties) = preSolution
		HideSolutionNode = FALSE
	EndGlobalSection
	GlobalSection(ExtensibilityGlobals) = postSolution
		SolutionGuid = {122E1D78-D871-424E-8277-D4516FDD97AF}
	EndGlobalSection
EndGlobal
